// !$*UTF8*$!
{
	archiveVersion = 1;
	classes = {
	};
	objectVersion = 50;
	objects = {

/* Begin PBXBuildFile section */
		AD9233FF241A5E7A00EB0772 /* AppDelegate.swift in Sources */ = {isa = PBXBuildFile; fileRef = AD9233FE241A5E7A00EB0772 /* AppDelegate.swift */; };
		AD923401241A5E7A00EB0772 /* SceneDelegate.swift in Sources */ = {isa = PBXBuildFile; fileRef = AD923400241A5E7A00EB0772 /* SceneDelegate.swift */; };
		AD923403241A5E7A00EB0772 /* ViewController.swift in Sources */ = {isa = PBXBuildFile; fileRef = AD923402241A5E7A00EB0772 /* ViewController.swift */; };
		AD923406241A5E7B00EB0772 /* Main.storyboard in Resources */ = {isa = PBXBuildFile; fileRef = AD923404241A5E7B00EB0772 /* Main.storyboard */; };
		AD923409241A5E7B00EB0772 /* TodoList.xcdatamodeld in Sources */ = {isa = PBXBuildFile; fileRef = AD923407241A5E7B00EB0772 /* TodoList.xcdatamodeld */; };
		AD92340B241A5E7E00EB0772 /* Assets.xcassets in Resources */ = {isa = PBXBuildFile; fileRef = AD92340A241A5E7E00EB0772 /* Assets.xcassets */; };
		AD92340E241A5E7E00EB0772 /* LaunchScreen.storyboard in Resources */ = {isa = PBXBuildFile; fileRef = AD92340C241A5E7E00EB0772 /* LaunchScreen.storyboard */; };
		AD923418241A802300EB0772 /* CreateTodoViewController.swift in Sources */ = {isa = PBXBuildFile; fileRef = AD923417241A802300EB0772 /* CreateTodoViewController.swift */; };
		AD92341A241BDDE700EB0772 /* TodoTableViewCell.swift in Sources */ = {isa = PBXBuildFile; fileRef = AD923419241BDDE700EB0772 /* TodoTableViewCell.swift */; };
/* End PBXBuildFile section */

/* Begin PBXFileReference section */
		AD9233FB241A5E7A00EB0772 /* TodoList.app */ = {isa = PBXFileReference; explicitFileType = wrapper.application; includeInIndex = 0; path = TodoList.app; sourceTree = BUILT_PRODUCTS_DIR; };
		AD9233FE241A5E7A00EB0772 /* AppDelegate.swift */ = {isa = PBXFileReference; lastKnownFileType = sourcecode.swift; path = AppDelegate.swift; sourceTree = "<group>"; };
		AD923400241A5E7A00EB0772 /* SceneDelegate.swift */ = {isa = PBXFileReference; lastKnownFileType = sourcecode.swift; path = SceneDelegate.swift; sourceTree = "<group>"; };
		AD923402241A5E7A00EB0772 /* ViewController.swift */ = {isa = PBXFileReference; lastKnownFileType = sourcecode.swift; path = ViewController.swift; sourceTree = "<group>"; };
		AD923405241A5E7B00EB0772 /* Base */ = {isa = PBXFileReference; lastKnownFileType = file.storyboard; name = Base; path = Base.lproj/Main.storyboard; sourceTree = "<group>"; };
		AD923408241A5E7B00EB0772 /* TodoList.xcdatamodel */ = {isa = PBXFileReference; lastKnownFileType = wrapper.xcdatamodel; path = TodoList.xcdatamodel; sourceTree = "<group>"; };
		AD92340A241A5E7E00EB0772 /* Assets.xcassets */ = {isa = PBXFileReference; lastKnownFileType = folder.assetcatalog; path = Assets.xcassets; sourceTree = "<group>"; };
		AD92340D241A5E7E00EB0772 /* Base */ = {isa = PBXFileReference; lastKnownFileType = file.storyboard; name = Base; path = Base.lproj/LaunchScreen.storyboard; sourceTree = "<group>"; };
		AD92340F241A5E7E00EB0772 /* Info.plist */ = {isa = PBXFileReference; lastKnownFileType = text.plist.xml; path = Info.plist; sourceTree = "<group>"; };
		AD923417241A802300EB0772 /* CreateTodoViewController.swift */ = {isa = PBXFileReference; lastKnownFileType = sourcecode.swift; path = CreateTodoViewController.swift; sourceTree = "<group>"; };
		AD923419241BDDE700EB0772 /* TodoTableViewCell.swift */ = {isa = PBXFileReference; lastKnownFileType = sourcecode.swift; path = TodoTableViewCell.swift; sourceTree = "<group>"; };
/* End PBXFileReference section */

/* Begin PBXFrameworksBuildPhase section */
		AD9233F8241A5E7A00EB0772 /* Frameworks */ = {
			isa = PBXFrameworksBuildPhase;
			buildActionMask = 2147483647;
			files = (
			);
			runOnlyForDeploymentPostprocessing = 0;
		};
/* End PBXFrameworksBuildPhase section */

/* Begin PBXGroup section */
		AD9233F2241A5E7A00EB0772 = {
			isa = PBXGroup;
			children = (
				AD9233FD241A5E7A00EB0772 /* TodoList */,
				AD9233FC241A5E7A00EB0772 /* Products */,
			);
			sourceTree = "<group>";
		};
		AD9233FC241A5E7A00EB0772 /* Products */ = {
			isa = PBXGroup;
			children = (
				AD9233FB241A5E7A00EB0772 /* TodoList.app */,
			);
			name = Products;
			sourceTree = "<group>";
		};
		AD9233FD241A5E7A00EB0772 /* TodoList */ = {
			isa = PBXGroup;
			children = (
				AD9233FE241A5E7A00EB0772 /* AppDelegate.swift */,
				AD923400241A5E7A00EB0772 /* SceneDelegate.swift */,
				AD923402241A5E7A00EB0772 /* ViewController.swift */,
				AD923404241A5E7B00EB0772 /* Main.storyboard */,
				AD92340A241A5E7E00EB0772 /* Assets.xcassets */,
				AD92340C241A5E7E00EB0772 /* LaunchScreen.storyboard */,
				AD92340F241A5E7E00EB0772 /* Info.plist */,
				AD923407241A5E7B00EB0772 /* TodoList.xcdatamodeld */,
				AD923417241A802300EB0772 /* CreateTodoViewController.swift */,
				AD923419241BDDE700EB0772 /* TodoTableViewCell.swift */,
			);
			path = TodoList;
			sourceTree = "<group>";
		};
/* End PBXGroup section */

/* Begin PBXNativeTarget section */
		AD9233FA241A5E7A00EB0772 /* TodoList */ = {
			isa = PBXNativeTarget;
			buildConfigurationList = AD923412241A5E7E00EB0772 /* Build configuration list for PBXNativeTarget "TodoList" */;
			buildPhases = (
				AD9233F7241A5E7A00EB0772 /* Sources */,
				AD9233F8241A5E7A00EB0772 /* Frameworks */,
				AD9233F9241A5E7A00EB0772 /* Resources */,
			);
			buildRules = (
			);
			dependencies = (
			);
			name = TodoList;
			productName = TodoList;
			productReference = AD9233FB241A5E7A00EB0772 /* TodoList.app */;
			productType = "com.apple.product-type.application";
		};
/* End PBXNativeTarget section */

/* Begin PBXProject section */
		AD9233F3241A5E7A00EB0772 /* Project object */ = {
			isa = PBXProject;
			attributes = {
				LastSwiftUpdateCheck = 1130;
				LastUpgradeCheck = 1130;
				ORGANIZATIONNAME = "Marko Dehmel-Dethloff";
				TargetAttributes = {
					AD9233FA241A5E7A00EB0772 = {
						CreatedOnToolsVersion = 11.3.1;
					};
				};
			};
			buildConfigurationList = AD9233F6241A5E7A00EB0772 /* Build configuration list for PBXProject "TodoList" */;
			compatibilityVersion = "Xcode 9.3";
			developmentRegion = en;
			hasScannedForEncodings = 0;
			knownRegions = (
				en,
				Base,
			);
			mainGroup = AD9233F2241A5E7A00EB0772;
			productRefGroup = AD9233FC241A5E7A00EB0772 /* Products */;
			projectDirPath = "";
			projectRoot = "";
			targets = (
				AD9233FA241A5E7A00EB0772 /* TodoList */,
			);
		};
/* End PBXProject section */

/* Begin PBXResourcesBuildPhase section */
		AD9233F9241A5E7A00EB0772 /* Resources */ = {
			isa = PBXResourcesBuildPhase;
			buildActionMask = 2147483647;
			files = (
				AD92340E241A5E7E00EB0772 /* LaunchScreen.storyboard in Resources */,
				AD92340B241A5E7E00EB0772 /* Assets.xcassets in Resources */,
				AD923406241A5E7B00EB0772 /* Main.storyboard in Resources */,
			);
			runOnlyForDeploymentPostprocessing = 0;
		};
/* End PBXResourcesBuildPhase section */

/* Begin PBXSourcesBuildPhase section */
		AD9233F7241A5E7A00EB0772 /* Sources */ = {
			isa = PBXSourcesBuildPhase;
			buildActionMask = 2147483647;
			files = (
				AD923403241A5E7A00EB0772 /* ViewController.swift in Sources */,
				AD9233FF241A5E7A00EB0772 /* AppDelegate.swift in Sources */,
				AD923401241A5E7A00EB0772 /* SceneDelegate.swift in Sources */,
				AD92341A241BDDE700EB0772 /* TodoTableViewCell.swift in Sources */,
				AD923418241A802300EB0772 /* CreateTodoViewController.swift in Sources */,
				AD923409241A5E7B00EB0772 /* TodoList.xcdatamodeld in Sources */,
			);
			runOnlyForDeploymentPostprocessing = 0;
		};
/* End PBXSourcesBuildPhase section */

/* Begin PBXVariantGroup section */
		AD923404241A5E7B00EB0772 /* Main.storyboard */ = {
			isa = PBXVariantGroup;
			children = (
				AD923405241A5E7B00EB0772 /* Base */,
			);
			name = Main.storyboard;
			sourceTree = "<group>";
		};
		AD92340C241A5E7E00EB0772 /* LaunchScreen.storyboard */ = {
			isa = PBXVariantGroup;
			children = (
				AD92340D241A5E7E00EB0772 /* Base */,
			);
			name = LaunchScreen.storyboard;
			sourceTree = "<group>";
		};
/* End PBXVariantGroup section */

/* Begin XCBuildConfiguration section */
		AD923410241A5E7E00EB0772 /* Debug */ = {
			isa = XCBuildConfiguration;
			buildSettings = {
				ALWAYS_SEARCH_USER_PATHS = NO;
				CLANG_ANALYZER_NONNULL = YES;
				CLANG_ANALYZER_NUMBER_OBJECT_CONVERSION = YES_AGGRESSIVE;
				CLANG_CXX_LANGUAGE_STANDARD = "gnu++14";
				CLANG_CXX_LIBRARY = "libc++";
				CLANG_ENABLE_MODULES = YES;
				CLANG_ENABLE_OBJC_ARC = YES;
				CLANG_ENABLE_OBJC_WEAK = YES;
				CLANG_WARN_BLOCK_CAPTURE_AUTORELEASING = YES;
				CLANG_WARN_BOOL_CONVERSION = YES;
				CLANG_WARN_COMMA = YES;
				CLANG_WARN_CONSTANT_CONVERSION = YES;
				CLANG_WARN_DEPRECATED_OBJC_IMPLEMENTATIONS = YES;
				CLANG_WARN_DIRECT_OBJC_ISA_USAGE = YES_ERROR;
				CLANG_WARN_DOCUMENTATION_COMMENTS = YES;
				CLANG_WARN_EMPTY_BODY = YES;
				CLANG_WARN_ENUM_CONVERSION = YES;
				CLANG_WARN_INFINITE_RECURSION = YES;
				CLANG_WARN_INT_CONVERSION = YES;
				CLANG_WARN_NON_LITERAL_NULL_CONVERSION = YES;
				CLANG_WARN_OBJC_IMPLICIT_RETAIN_SELF = YES;
				CLANG_WARN_OBJC_LITERAL_CONVERSION = YES;
				CLANG_WARN_OBJC_ROOT_CLASS = YES_ERROR;
				CLANG_WARN_RANGE_LOOP_ANALYSIS = YES;
				CLANG_WARN_STRICT_PROTOTYPES = YES;
				CLANG_WARN_SUSPICIOUS_MOVE = YES;
				CLANG_WARN_UNGUARDED_AVAILABILITY = YES_AGGRESSIVE;
				CLANG_WARN_UNREACHABLE_CODE = YES;
				CLANG_WARN__DUPLICATE_METHOD_MATCH = YES;
				COPY_PHASE_STRIP = NO;
				DEBUG_INFORMATION_FORMAT = dwarf;
				ENABLE_STRICT_OBJC_MSGSEND = YES;
				ENABLE_TESTABILITY = YES;
				GCC_C_LANGUAGE_STANDARD = gnu11;
				GCC_DYNAMIC_NO_PIC = NO;
				GCC_NO_COMMON_BLOCKS = YES;
				GCC_OPTIMIZATION_LEVEL = 0;
				GCC_PREPROCESSOR_DEFINITIONS = (
					"DEBUG=1",
					"$(inherited)",
				);
				GCC_WARN_64_TO_32_BIT_CONVERSION = YES;
				GCC_WARN_ABOUT_RETURN_TYPE = YES_ERROR;
				GCC_WARN_UNDECLARED_SELECTOR = YES;
				GCC_WARN_UNINITIALIZED_AUTOS = YES_AGGRESSIVE;
				GCC_WARN_UNUSED_FUNCTION = YES;
				GCC_WARN_UNUSED_VARIABLE = YES;
				IPHONEOS_DEPLOYMENT_TARGET = 13.2;
				MTL_ENABLE_DEBUG_INFO = INCLUDE_SOURCE;
				MTL_FAST_MATH = YES;
				ONLY_ACTIVE_ARCH = YES;
				SDKROOT = iphoneos;
				SWIFT_ACTIVE_COMPILATION_CONDITIONS = DEBUG;
				SWIFT_OPTIMIZATION_LEVEL = "-Onone";
			};
			name = Debug;
		};
		AD923411241A5E7E00EB0772 /* Release */ = {
			isa = XCBuildConfiguration;
			buildSettings = {
				ALWAYS_SEARCH_USER_PATHS = NO;
				CLANG_ANALYZER_NONNULL = YES;
				CLANG_ANALYZER_NUMBER_OBJECT_CONVERSION = YES_AGGRESSIVE;
				CLANG_CXX_LANGUAGE_STANDARD = "gnu++14";
				CLANG_CXX_LIBRARY = "libc++";
				CLANG_ENABLE_MODULES = YES;
				CLANG_ENABLE_OBJC_ARC = YES;
				CLANG_ENABLE_OBJC_WEAK = YES;
				CLANG_WARN_BLOCK_CAPTURE_AUTORELEASING = YES;
				CLANG_WARN_BOOL_CONVERSION = YES;
				CLANG_WARN_COMMA = YES;
				CLANG_WARN_CONSTANT_CONVERSION = YES;
				CLANG_WARN_DEPRECATED_OBJC_IMPLEMENTATIONS = YES;
				CLANG_WARN_DIRECT_OBJC_ISA_USAGE = YES_ERROR;
				CLANG_WARN_DOCUMENTATION_COMMENTS = YES;
				CLANG_WARN_EMPTY_BODY = YES;
				CLANG_WARN_ENUM_CONVERSION = YES;
				CLANG_WARN_INFINITE_RECURSION = YES;
				CLANG_WARN_INT_CONVERSION = YES;
				CLANG_WARN_NON_LITERAL_NULL_CONVERSION = YES;
				CLANG_WARN_OBJC_IMPLICIT_RETAIN_SELF = YES;
				CLANG_WARN_OBJC_LITERAL_CONVERSION = YES;
				CLANG_WARN_OBJC_ROOT_CLASS = YES_ERROR;
				CLANG_WARN_RANGE_LOOP_ANALYSIS = YES;
				CLANG_WARN_STRICT_PROTOTYPES = YES;
				CLANG_WARN_SUSPICIOUS_MOVE = YES;
				CLANG_WARN_UNGUARDED_AVAILABILITY = YES_AGGRESSIVE;
				CLANG_WARN_UNREACHABLE_CODE = YES;
				CLANG_WARN__DUPLICATE_METHOD_MATCH = YES;
				COPY_PHASE_STRIP = NO;
				DEBUG_INFORMATION_FORMAT = "dwarf-with-dsym";
				ENABLE_NS_ASSERTIONS = NO;
				ENABLE_STRICT_OBJC_MSGSEND = YES;
				GCC_C_LANGUAGE_STANDARD = gnu11;
				GCC_NO_COMMON_BLOCKS = YES;
				GCC_WARN_64_TO_32_BIT_CONVERSION = YES;
				GCC_WARN_ABOUT_RETURN_TYPE = YES_ERROR;
				GCC_WARN_UNDECLARED_SELECTOR = YES;
				GCC_WARN_UNINITIALIZED_AUTOS = YES_AGGRESSIVE;
				GCC_WARN_UNUSED_FUNCTION = YES;
				GCC_WARN_UNUSED_VARIABLE = YES;
				IPHONEOS_DEPLOYMENT_TARGET = 13.2;
				MTL_ENABLE_DEBUG_INFO = NO;
				MTL_FAST_MATH = YES;
				SDKROOT = iphoneos;
				SWIFT_COMPILATION_MODE = wholemodule;
				SWIFT_OPTIMIZATION_LEVEL = "-O";
				VALIDATE_PRODUCT = YES;
			};
			name = Release;
		};
		AD923413241A5E7E00EB0772 /* Debug */ = {
			isa = XCBuildConfiguration;
			buildSettings = {
				ASSETCATALOG_COMPILER_APPICON_NAME = AppIcon;
				CODE_SIGN_STYLE = Automatic;
				DEVELOPMENT_TEAM = ZA26AH5LU5;
				INFOPLIST_FILE = TodoList/Info.plist;
				LD_RUNPATH_SEARCH_PATHS = (
					"$(inherited)",
					"@executable_path/Frameworks",
				);
				PRODUCT_BUNDLE_IDENTIFIER = mdd.TodoList;
				PRODUCT_NAME = "$(TARGET_NAME)";
				SWIFT_VERSION = 5.0;
				TARGETED_DEVICE_FAMILY = "1,2";
			};
			name = Debug;
		};
		AD923414241A5E7E00EB0772 /* Release */ = {
			isa = XCBuildConfiguration;
			buildSettings = {
				ASSETCATALOG_COMPILER_APPICON_NAME = AppIcon;
				CODE_SIGN_STYLE = Automatic;
				DEVELOPMENT_TEAM = ZA26AH5LU5;
				INFOPLIST_FILE = TodoList/Info.plist;
				LD_RUNPATH_SEARCH_PATHS = (
					"$(inherited)",
					"@executable_path/Frameworks",
				);
				PRODUCT_BUNDLE_IDENTIFIER = mdd.TodoList;
				PRODUCT_NAME = "$(TARGET_NAME)";
				SWIFT_VERSION = 5.0;
				TARGETED_DEVICE_FAMILY = "1,2";
			};
			name = Release;
		};
/* End XCBuildConfiguration section */

/* Begin XCConfigurationList section */
		AD9233F6241A5E7A00EB0772 /* Build configuration list for PBXProject "TodoList" */ = {
			isa = XCConfigurationList;
			buildConfigurations = (
				AD923410241A5E7E00EB0772 /* Debug */,
				AD923411241A5E7E00EB0772 /* Release */,
			);
			defaultConfigurationIsVisible = 0;
			defaultConfigurationName = Release;
		};
		AD923412241A5E7E00EB0772 /* Build configuration list for PBXNativeTarget "TodoList" */ = {
			isa = XCConfigurationList;
			buildConfigurations = (
				AD923413241A5E7E00EB0772 /* Debug */,
				AD923414241A5E7E00EB0772 /* Release */,
			);
			defaultConfigurationIsVisible = 0;
			defaultConfigurationName = Release;
		};
/* End XCConfigurationList section */

/* Begin XCVersionGroup section */
		AD923407241A5E7B00EB0772 /* TodoList.xcdatamodeld */ = {
			isa = XCVersionGroup;
			children = (
				AD923408241A5E7B00EB0772 /* TodoList.xcdatamodel */,
			);
			currentVersion = AD923408241A5E7B00EB0772 /* TodoList.xcdatamodel */;
			path = TodoList.xcdatamodeld;
			sourceTree = "<group>";
			versionGroupType = wrapper.xcdatamodel;
		};
/* End XCVersionGroup section */
	};
	rootObject = AD9233F3241A5E7A00EB0772 /* Project object */;
}
